// !$*UTF8*$!
{
	archiveVersion = 1;
	classes = {
	};
	objectVersion = 55;
	objects = {

/* Begin PBXBuildFile section */
		D57837C328E3620900A534D7 /* AppDelegate.m in Sources */ = {isa = PBXBuildFile; fileRef = D57837C228E3620900A534D7 /* AppDelegate.m */; };
		D57837C628E3620900A534D7 /* SceneDelegate.m in Sources */ = {isa = PBXBuildFile; fileRef = D57837C528E3620900A534D7 /* SceneDelegate.m */; };
		D57837C928E3620900A534D7 /* ViewController.m in Sources */ = {isa = PBXBuildFile; fileRef = D57837C828E3620900A534D7 /* ViewController.m */; };
		D57837CC28E3620900A534D7 /* Main.storyboard in Resources */ = {isa = PBXBuildFile; fileRef = D57837CA28E3620900A534D7 /* Main.storyboard */; };
		D57837CE28E3620D00A534D7 /* Assets.xcassets in Resources */ = {isa = PBXBuildFile; fileRef = D57837CD28E3620D00A534D7 /* Assets.xcassets */; };
		D57837D128E3620D00A534D7 /* LaunchScreen.storyboard in Resources */ = {isa = PBXBuildFile; fileRef = D57837CF28E3620D00A534D7 /* LaunchScreen.storyboard */; };
		D57837D428E3620D00A534D7 /* main.m in Sources */ = {isa = PBXBuildFile; fileRef = D57837D328E3620D00A534D7 /* main.m */; };
		D57837DB28E36B5D00A534D7 /* computer-icons-arrow-switch-clip-art-png-favpng-2r4jU4jxgJyeEJQ6ZyrwCb73R_t.jpeg in Resources */ = {isa = PBXBuildFile; fileRef = D57837DA28E36B5D00A534D7 /* computer-icons-arrow-switch-clip-art-png-favpng-2r4jU4jxgJyeEJQ6ZyrwCb73R_t.jpeg */; };
		D57837DE28E36F8300A534D7 /* ModelController.m in Sources */ = {isa = PBXBuildFile; fileRef = D57837DD28E36F8300A534D7 /* ModelController.m */; };
/* End PBXBuildFile section */

/* Begin PBXFileReference section */
		D57837BE28E3620900A534D7 /* PickerViewSwitch.app */ = {isa = PBXFileReference; explicitFileType = wrapper.application; includeInIndex = 0; path = PickerViewSwitch.app; sourceTree = BUILT_PRODUCTS_DIR; };
		D57837C128E3620900A534D7 /* AppDelegate.h */ = {isa = PBXFileReference; lastKnownFileType = sourcecode.c.h; path = AppDelegate.h; sourceTree = "<group>"; };
		D57837C228E3620900A534D7 /* AppDelegate.m */ = {isa = PBXFileReference; lastKnownFileType = sourcecode.c.objc; path = AppDelegate.m; sourceTree = "<group>"; };
		D57837C428E3620900A534D7 /* SceneDelegate.h */ = {isa = PBXFileReference; lastKnownFileType = sourcecode.c.h; path = SceneDelegate.h; sourceTree = "<group>"; };
		D57837C528E3620900A534D7 /* SceneDelegate.m */ = {isa = PBXFileReference; lastKnownFileType = sourcecode.c.objc; path = SceneDelegate.m; sourceTree = "<group>"; };
		D57837C728E3620900A534D7 /* ViewController.h */ = {isa = PBXFileReference; lastKnownFileType = sourcecode.c.h; path = ViewController.h; sourceTree = "<group>"; };
		D57837C828E3620900A534D7 /* ViewController.m */ = {isa = PBXFileReference; lastKnownFileType = sourcecode.c.objc; path = ViewController.m; sourceTree = "<group>"; };
		D57837CB28E3620900A534D7 /* Base */ = {isa = PBXFileReference; lastKnownFileType = file.storyboard; name = Base; path = Base.lproj/Main.storyboard; sourceTree = "<group>"; };
		D57837CD28E3620D00A534D7 /* Assets.xcassets */ = {isa = PBXFileReference; lastKnownFileType = folder.assetcatalog; path = Assets.xcassets; sourceTree = "<group>"; };
		D57837D028E3620D00A534D7 /* Base */ = {isa = PBXFileReference; lastKnownFileType = file.storyboard; name = Base; path = Base.lproj/LaunchScreen.storyboard; sourceTree = "<group>"; };
		D57837D228E3620D00A534D7 /* Info.plist */ = {isa = PBXFileReference; lastKnownFileType = text.plist.xml; path = Info.plist; sourceTree = "<group>"; };
		D57837D328E3620D00A534D7 /* main.m */ = {isa = PBXFileReference; lastKnownFileType = sourcecode.c.objc; path = main.m; sourceTree = "<group>"; };
		D57837DA28E36B5D00A534D7 /* computer-icons-arrow-switch-clip-art-png-favpng-2r4jU4jxgJyeEJQ6ZyrwCb73R_t.jpeg */ = {isa = PBXFileReference; lastKnownFileType = image.jpeg; path = "computer-icons-arrow-switch-clip-art-png-favpng-2r4jU4jxgJyeEJQ6ZyrwCb73R_t.jpeg"; sourceTree = "<group>"; };
		D57837DC28E36F8300A534D7 /* ModelController.h */ = {isa = PBXFileReference; lastKnownFileType = sourcecode.c.h; path = ModelController.h; sourceTree = "<group>"; };
		D57837DD28E36F8300A534D7 /* ModelController.m */ = {isa = PBXFileReference; lastKnownFileType = sourcecode.c.objc; path = ModelController.m; sourceTree = "<group>"; };
/* End PBXFileReference section */

/* Begin PBXFrameworksBuildPhase section */
		D57837BB28E3620900A534D7 /* Frameworks */ = {
			isa = PBXFrameworksBuildPhase;
			buildActionMask = 2147483647;
			files = (
			);
			runOnlyForDeploymentPostprocessing = 0;
		};
/* End PBXFrameworksBuildPhase section */

/* Begin PBXGroup section */
		D57837B528E3620900A534D7 = {
			isa = PBXGroup;
			children = (
				D57837C028E3620900A534D7 /* PickerViewSwitch */,
				D57837BF28E3620900A534D7 /* Products */,
			);
			sourceTree = "<group>";
		};
		D57837BF28E3620900A534D7 /* Products */ = {
			isa = PBXGroup;
			children = (
				D57837BE28E3620900A534D7 /* PickerViewSwitch.app */,
			);
			name = Products;
			sourceTree = "<group>";
		};
		D57837C028E3620900A534D7 /* PickerViewSwitch */ = {
			isa = PBXGroup;
			children = (
				D57837C128E3620900A534D7 /* AppDelegate.h */,
				D57837C228E3620900A534D7 /* AppDelegate.m */,
				D57837C428E3620900A534D7 /* SceneDelegate.h */,
				D57837C528E3620900A534D7 /* SceneDelegate.m */,
				D57837C728E3620900A534D7 /* ViewController.h */,
				D57837C828E3620900A534D7 /* ViewController.m */,
				D57837CA28E3620900A534D7 /* Main.storyboard */,
				D57837DC28E36F8300A534D7 /* ModelController.h */,
				D57837DD28E36F8300A534D7 /* ModelController.m */,
				D57837CD28E3620D00A534D7 /* Assets.xcassets */,
				D57837DA28E36B5D00A534D7 /* computer-icons-arrow-switch-clip-art-png-favpng-2r4jU4jxgJyeEJQ6ZyrwCb73R_t.jpeg */,
				D57837CF28E3620D00A534D7 /* LaunchScreen.storyboard */,
				D57837D228E3620D00A534D7 /* Info.plist */,
				D57837D328E3620D00A534D7 /* main.m */,
			);
			path = PickerViewSwitch;
			sourceTree = "<group>";
		};
/* End PBXGroup section */

/* Begin PBXNativeTarget section */
		D57837BD28E3620900A534D7 /* PickerViewSwitch */ = {
			isa = PBXNativeTarget;
			buildConfigurationList = D57837D728E3620D00A534D7 /* Build configuration list for PBXNativeTarget "PickerViewSwitch" */;
			buildPhases = (
				D57837BA28E3620900A534D7 /* Sources */,
				D57837BB28E3620900A534D7 /* Frameworks */,
				D57837BC28E3620900A534D7 /* Resources */,
			);
			buildRules = (
			);
			dependencies = (
			);
			name = PickerViewSwitch;
			productName = PickerViewSwitch;
			productReference = D57837BE28E3620900A534D7 /* PickerViewSwitch.app */;
			productType = "com.apple.product-type.application";
		};
/* End PBXNativeTarget section */

/* Begin PBXProject section */
		D57837B628E3620900A534D7 /* Project object */ = {
			isa = PBXProject;
			attributes = {
				BuildIndependentTargetsInParallel = 1;
				LastUpgradeCheck = 1340;
				TargetAttributes = {
					D57837BD28E3620900A534D7 = {
						CreatedOnToolsVersion = 13.4.1;
					};
				};
			};
			buildConfigurationList = D57837B928E3620900A534D7 /* Build configuration list for PBXProject "PickerViewSwitch" */;
			compatibilityVersion = "Xcode 13.0";
			developmentRegion = en;
			hasScannedForEncodings = 0;
			knownRegions = (
				en,
				Base,
			);
			mainGroup = D57837B528E3620900A534D7;
			productRefGroup = D57837BF28E3620900A534D7 /* Products */;
			projectDirPath = "";
			projectRoot = "";
			targets = (
				D57837BD28E3620900A534D7 /* PickerViewSwitch */,
			);
		};
/* End PBXProject section */

/* Begin PBXResourcesBuildPhase section */
		D57837BC28E3620900A534D7 /* Resources */ = {
			isa = PBXResourcesBuildPhase;
			buildActionMask = 2147483647;
			files = (
				D57837DB28E36B5D00A534D7 /* computer-icons-arrow-switch-clip-art-png-favpng-2r4jU4jxgJyeEJQ6ZyrwCb73R_t.jpeg in Resources */,
				D57837D128E3620D00A534D7 /* LaunchScreen.storyboard in Resources */,
				D57837CE28E3620D00A534D7 /* Assets.xcassets in Resources */,
				D57837CC28E3620900A534D7 /* Main.storyboard in Resources */,
			);
			runOnlyForDeploymentPostprocessing = 0;
		};
/* End PBXResourcesBuildPhase section */

/* Begin PBXSourcesBuildPhase section */
		D57837BA28E3620900A534D7 /* Sources */ = {
			isa = PBXSourcesBuildPhase;
			buildActionMask = 2147483647;
			files = (
				D57837C928E3620900A534D7 /* ViewController.m in Sources */,
				D57837C328E3620900A534D7 /* AppDelegate.m in Sources */,
				D57837DE28E36F8300A534D7 /* ModelController.m in Sources */,
				D57837D428E3620D00A534D7 /* main.m in Sources */,
				D57837C628E3620900A534D7 /* SceneDelegate.m in Sources */,
			);
			runOnlyForDeploymentPostprocessing = 0;
		};
/* End PBXSourcesBuildPhase section */

/* Begin PBXVariantGroup section */
		D57837CA28E3620900A534D7 /* Main.storyboard */ = {
			isa = PBXVariantGroup;
			children = (
				D57837CB28E3620900A534D7 /* Base */,
			);
			name = Main.storyboard;
			sourceTree = "<group>";
		};
		D57837CF28E3620D00A534D7 /* LaunchScreen.storyboard */ = {
			isa = PBXVariantGroup;
			children = (
				D57837D028E3620D00A534D7 /* Base */,
			);
			name = LaunchScreen.storyboard;
			sourceTree = "<group>";
		};
/* End PBXVariantGroup section */

/* Begin XCBuildConfiguration section */
		D57837D528E3620D00A534D7 /* Debug */ = {
			isa = XCBuildConfiguration;
			buildSettings = {
				ALWAYS_SEARCH_USER_PATHS = NO;
				CLANG_ANALYZER_NONNULL = YES;
				CLANG_ANALYZER_NUMBER_OBJECT_CONVERSION = YES_AGGRESSIVE;
				CLANG_CXX_LANGUAGE_STANDARD = "gnu++17";
				CLANG_ENABLE_MODULES = YES;
				CLANG_ENABLE_OBJC_ARC = YES;
				CLANG_ENABLE_OBJC_WEAK = YES;
				CLANG_WARN_BLOCK_CAPTURE_AUTORELEASING = YES;
				CLANG_WARN_BOOL_CONVERSION = YES;
				CLANG_WARN_COMMA = YES;
				CLANG_WARN_CONSTANT_CONVERSION = YES;
				CLANG_WARN_DEPRECATED_OBJC_IMPLEMENTATIONS = YES;
				CLANG_WARN_DIRECT_OBJC_ISA_USAGE = YES_ERROR;
				CLANG_WARN_DOCUMENTATION_COMMENTS = YES;
				CLANG_WARN_EMPTY_BODY = YES;
				CLANG_WARN_ENUM_CONVERSION = YES;
				CLANG_WARN_INFINITE_RECURSION = YES;
				CLANG_WARN_INT_CONVERSION = YES;
				CLANG_WARN_NON_LITERAL_NULL_CONVERSION = YES;
				CLANG_WARN_OBJC_IMPLICIT_RETAIN_SELF = YES;
				CLANG_WARN_OBJC_LITERAL_CONVERSION = YES;
				CLANG_WARN_OBJC_ROOT_CLASS = YES_ERROR;
				CLANG_WARN_QUOTED_INCLUDE_IN_FRAMEWORK_HEADER = YES;
				CLANG_WARN_RANGE_LOOP_ANALYSIS = YES;
				CLANG_WARN_STRICT_PROTOTYPES = YES;
				CLANG_WARN_SUSPICIOUS_MOVE = YES;
				CLANG_WARN_UNGUARDED_AVAILABILITY = YES_AGGRESSIVE;
				CLANG_WARN_UNREACHABLE_CODE = YES;
				CLANG_WARN__DUPLICATE_METHOD_MATCH = YES;
				COPY_PHASE_STRIP = NO;
				DEBUG_INFORMATION_FORMAT = dwarf;
				ENABLE_STRICT_OBJC_MSGSEND = YES;
				ENABLE_TESTABILITY = YES;
				GCC_C_LANGUAGE_STANDARD = gnu11;
				GCC_DYNAMIC_NO_PIC = NO;
				GCC_NO_COMMON_BLOCKS = YES;
				GCC_OPTIMIZATION_LEVEL = 0;
				GCC_PREPROCESSOR_DEFINITIONS = (
					"DEBUG=1",
					"$(inherited)",
				);
				GCC_WARN_64_TO_32_BIT_CONVERSION = YES;
				GCC_WARN_ABOUT_RETURN_TYPE = YES_ERROR;
				GCC_WARN_UNDECLARED_SELECTOR = YES;
				GCC_WARN_UNINITIALIZED_AUTOS = YES_AGGRESSIVE;
				GCC_WARN_UNUSED_FUNCTION = YES;
				GCC_WARN_UNUSED_VARIABLE = YES;
				IPHONEOS_DEPLOYMENT_TARGET = 15.5;
				MTL_ENABLE_DEBUG_INFO = INCLUDE_SOURCE;
				MTL_FAST_MATH = YES;
				ONLY_ACTIVE_ARCH = YES;
				SDKROOT = iphoneos;
			};
			name = Debug;
		};
		D57837D628E3620D00A534D7 /* Release */ = {
			isa = XCBuildConfiguration;
			buildSettings = {
				ALWAYS_SEARCH_USER_PATHS = NO;
				CLANG_ANALYZER_NONNULL = YES;
				CLANG_ANALYZER_NUMBER_OBJECT_CONVERSION = YES_AGGRESSIVE;
				CLANG_CXX_LANGUAGE_STANDARD = "gnu++17";
				CLANG_ENABLE_MODULES = YES;
				CLANG_ENABLE_OBJC_ARC = YES;
				CLANG_ENABLE_OBJC_WEAK = YES;
				CLANG_WARN_BLOCK_CAPTURE_AUTORELEASING = YES;
				CLANG_WARN_BOOL_CONVERSION = YES;
				CLANG_WARN_COMMA = YES;
				CLANG_WARN_CONSTANT_CONVERSION = YES;
				CLANG_WARN_DEPRECATED_OBJC_IMPLEMENTATIONS = YES;
				CLANG_WARN_DIRECT_OBJC_ISA_USAGE = YES_ERROR;
				CLANG_WARN_DOCUMENTATION_COMMENTS = YES;
				CLANG_WARN_EMPTY_BODY = YES;
				CLANG_WARN_ENUM_CONVERSION = YES;
				CLANG_WARN_INFINITE_RECURSION = YES;
				CLANG_WARN_INT_CONVERSION = YES;
				CLANG_WARN_NON_LITERAL_NULL_CONVERSION = YES;
				CLANG_WARN_OBJC_IMPLICIT_RETAIN_SELF = YES;
				CLANG_WARN_OBJC_LITERAL_CONVERSION = YES;
				CLANG_WARN_OBJC_ROOT_CLASS = YES_ERROR;
				CLANG_WARN_QUOTED_INCLUDE_IN_FRAMEWORK_HEADER = YES;
				CLANG_WARN_RANGE_LOOP_ANALYSIS = YES;
				CLANG_WARN_STRICT_PROTOTYPES = YES;
				CLANG_WARN_SUSPICIOUS_MOVE = YES;
				CLANG_WARN_UNGUARDED_AVAILABILITY = YES_AGGRESSIVE;
				CLANG_WARN_UNREACHABLE_CODE = YES;
				CLANG_WARN__DUPLICATE_METHOD_MATCH = YES;
				COPY_PHASE_STRIP = NO;
				DEBUG_INFORMATION_FORMAT = "dwarf-with-dsym";
				ENABLE_NS_ASSERTIONS = NO;
				ENABLE_STRICT_OBJC_MSGSEND = YES;
				GCC_C_LANGUAGE_STANDARD = gnu11;
				GCC_NO_COMMON_BLOCKS = YES;
				GCC_WARN_64_TO_32_BIT_CONVERSION = YES;
				GCC_WARN_ABOUT_RETURN_TYPE = YES_ERROR;
				GCC_WARN_UNDECLARED_SELECTOR = YES;
				GCC_WARN_UNINITIALIZED_AUTOS = YES_AGGRESSIVE;
				GCC_WARN_UNUSED_FUNCTION = YES;
				GCC_WARN_UNUSED_VARIABLE = YES;
				IPHONEOS_DEPLOYMENT_TARGET = 15.5;
				MTL_ENABLE_DEBUG_INFO = NO;
				MTL_FAST_MATH = YES;
				SDKROOT = iphoneos;
				VALIDATE_PRODUCT = YES;
			};
			name = Release;
		};
		D57837D828E3620D00A534D7 /* Debug */ = {
			isa = XCBuildConfiguration;
			buildSettings = {
				ASSETCATALOG_COMPILER_APPICON_NAME = AppIcon;
				ASSETCATALOG_COMPILER_GLOBAL_ACCENT_COLOR_NAME = AccentColor;
				CODE_SIGN_STYLE = Automatic;
				CURRENT_PROJECT_VERSION = 1;
				DEVELOPMENT_TEAM = N8S36QXYU8;
				GENERATE_INFOPLIST_FILE = YES;
				INFOPLIST_FILE = PickerViewSwitch/Info.plist;
				INFOPLIST_KEY_UIApplicationSupportsIndirectInputEvents = YES;
				INFOPLIST_KEY_UILaunchStoryboardName = LaunchScreen;
				INFOPLIST_KEY_UIMainStoryboardFile = Main;
				INFOPLIST_KEY_UISupportedInterfaceOrientations_iPad = "UIInterfaceOrientationPortrait UIInterfaceOrientationPortraitUpsideDown UIInterfaceOrientationLandscapeLeft UIInterfaceOrientationLandscapeRight";
				INFOPLIST_KEY_UISupportedInterfaceOrientations_iPhone = "UIInterfaceOrientationPortrait UIInterfaceOrientationLandscapeLeft UIInterfaceOrientationLandscapeRight";
				LD_RUNPATH_SEARCH_PATHS = (
					"$(inherited)",
					"@executable_path/Frameworks",
				);
				MARKETING_VERSION = 1.0;
				PRODUCT_BUNDLE_IDENTIFIER = com.CaseyannGoore.PickerViewSwitch;
				PRODUCT_NAME = "$(TARGET_NAME)";
				SWIFT_EMIT_LOC_STRINGS = YES;
				TARGETED_DEVICE_FAMILY = "1,2";
			};
			name = Debug;
		};
		D57837D928E3620D00A534D7 /* Release */ = {
			isa = XCBuildConfiguration;
			buildSettings = {
				ASSETCATALOG_COMPILER_APPICON_NAME = AppIcon;
				ASSETCATALOG_COMPILER_GLOBAL_ACCENT_COLOR_NAME = AccentColor;
				CODE_SIGN_STYLE = Automatic;
				CURRENT_PROJECT_VERSION = 1;
				DEVELOPMENT_TEAM = N8S36QXYU8;
				GENERATE_INFOPLIST_FILE = YES;
				INFOPLIST_FILE = PickerViewSwitch/Info.plist;
				INFOPLIST_KEY_UIApplicationSupportsIndirectInputEvents = YES;
				INFOPLIST_KEY_UILaunchStoryboardName = LaunchScreen;
				INFOPLIST_KEY_UIMainStoryboardFile = Main;
				INFOPLIST_KEY_UISupportedInterfaceOrientations_iPad = "UIInterfaceOrientationPortrait UIInterfaceOrientationPortraitUpsideDown UIInterfaceOrientationLandscapeLeft UIInterfaceOrientationLandscapeRight";
				INFOPLIST_KEY_UISupportedInterfaceOrientations_iPhone = "UIInterfaceOrientationPortrait UIInterfaceOrientationLandscapeLeft UIInterfaceOrientationLandscapeRight";
				LD_RUNPATH_SEARCH_PATHS = (
					"$(inherited)",
					"@executable_path/Frameworks",
				);
				MARKETING_VERSION = 1.0;
				PRODUCT_BUNDLE_IDENTIFIER = com.CaseyannGoore.PickerViewSwitch;
				PRODUCT_NAME = "$(TARGET_NAME)";
				SWIFT_EMIT_LOC_STRINGS = YES;
				TARGETED_DEVICE_FAMILY = "1,2";
			};
			name = Release;
		};
/* End XCBuildConfiguration section */

/* Begin XCConfigurationList section */
		D57837B928E3620900A534D7 /* Build configuration list for PBXProject "PickerViewSwitch" */ = {
			isa = XCConfigurationList;
			buildConfigurations = (
				D57837D528E3620D00A534D7 /* Debug */,
				D57837D628E3620D00A534D7 /* Release */,
			);
			defaultConfigurationIsVisible = 0;
			defaultConfigurationName = Release;
		};
		D57837D728E3620D00A534D7 /* Build configuration list for PBXNativeTarget "PickerViewSwitch" */ = {
			isa = XCConfigurationList;
			buildConfigurations = (
				D57837D828E3620D00A534D7 /* Debug */,
				D57837D928E3620D00A534D7 /* Release */,
			);
			defaultConfigurationIsVisible = 0;
			defaultConfigurationName = Release;
		};
/* End XCConfigurationList section */
	};
	rootObject = D57837B628E3620900A534D7 /* Project object */;
}
